
Microsoft Visual Studio Solution File, Format Version 12.00
# Visual Studio Version 16
VisualStudioVersion = 16.0.30104.148
MinimumVisualStudioVersion = 10.0.40219.1
Project("{2150E333-8FDC-42A3-9474-1A3956D46DE8}") = "Serveur", "Serveur", "{AAFDF808-FC13-4850-808D-1352BCFEFF44}"
EndProject
Project("{2150E333-8FDC-42A3-9474-1A3956D46DE8}") = "Console", "Console", "{3AEF188B-E211-4302-AF0F-5E056772DF1B}"
EndProject
Project("{2150E333-8FDC-42A3-9474-1A3956D46DE8}") = "Test", "Test", "{4182E1DD-9496-487E-9E75-2A952F65DB52}"
EndProject
Project("{FAE04EC0-301F-11D3-BF4B-00C04F79EFBC}") = "Console.TP", "Console.TP\Console.TP.csproj", "{07BC5887-10C2-4D0A-8988-65ADADDE987D}"
EndProject
Project("{FAE04EC0-301F-11D3-BF4B-00C04F79EFBC}") = "Modele.TP", "Modele.TP\Modele.TP.csproj", "{16BDB6DE-29D1-4991-A8FD-AEA1EC802261}"
EndProject
Project("{FAE04EC0-301F-11D3-BF4B-00C04F79EFBC}") = "Bussiness.TP", "Bussiness.TP\Bussiness.TP.csproj", "{16D1341E-54FF-40D3-A04C-A2535478CDE8}"
EndProject
Project("{FAE04EC0-301F-11D3-BF4B-00C04F79EFBC}") = "Test.TP", "Test.TP\Test.TP.csproj", "{C7AA9911-89A7-4162-AD15-7EDC8CFAFD43}"
EndProject
Global
	GlobalSection(SolutionConfigurationPlatforms) = preSolution
		Debug|Any CPU = Debug|Any CPU
		Release|Any CPU = Release|Any CPU
	EndGlobalSection
	GlobalSection(ProjectConfigurationPlatforms) = postSolution
		{07BC5887-10C2-4D0A-8988-65ADADDE987D}.Debug|Any CPU.ActiveCfg = Debug|Any CPU
		{07BC5887-10C2-4D0A-8988-65ADADDE987D}.Debug|Any CPU.Build.0 = Debug|Any CPU
		{07BC5887-10C2-4D0A-8988-65ADADDE987D}.Release|Any CPU.ActiveCfg = Release|Any CPU
		{07BC5887-10C2-4D0A-8988-65ADADDE987D}.Release|Any CPU.Build.0 = Release|Any CPU
		{16BDB6DE-29D1-4991-A8FD-AEA1EC802261}.Debug|Any CPU.ActiveCfg = Debug|Any CPU
		{16BDB6DE-29D1-4991-A8FD-AEA1EC802261}.Debug|Any CPU.Build.0 = Debug|Any CPU
		{16BDB6DE-29D1-4991-A8FD-AEA1EC802261}.Release|Any CPU.ActiveCfg = Release|Any CPU
		{16BDB6DE-29D1-4991-A8FD-AEA1EC802261}.Release|Any CPU.Build.0 = Release|Any CPU
		{16D1341E-54FF-40D3-A04C-A2535478CDE8}.Debug|Any CPU.ActiveCfg = Debug|Any CPU
		{16D1341E-54FF-40D3-A04C-A2535478CDE8}.Debug|Any CPU.Build.0 = Debug|Any CPU
		{16D1341E-54FF-40D3-A04C-A2535478CDE8}.Release|Any CPU.ActiveCfg = Release|Any CPU
		{16D1341E-54FF-40D3-A04C-A2535478CDE8}.Release|Any CPU.Build.0 = Release|Any CPU
		{C7AA9911-89A7-4162-AD15-7EDC8CFAFD43}.Debug|Any CPU.ActiveCfg = Debug|Any CPU
		{C7AA9911-89A7-4162-AD15-7EDC8CFAFD43}.Debug|Any CPU.Build.0 = Debug|Any CPU
		{C7AA9911-89A7-4162-AD15-7EDC8CFAFD43}.Release|Any CPU.ActiveCfg = Release|Any CPU
		{C7AA9911-89A7-4162-AD15-7EDC8CFAFD43}.Release|Any CPU.Build.0 = Release|Any CPU
	EndGlobalSection
	GlobalSection(SolutionProperties) = preSolution
		HideSolutionNode = FALSE
	EndGlobalSection
	GlobalSection(NestedProjects) = preSolution
		{07BC5887-10C2-4D0A-8988-65ADADDE987D} = {3AEF188B-E211-4302-AF0F-5E056772DF1B}
		{16BDB6DE-29D1-4991-A8FD-AEA1EC802261} = {AAFDF808-FC13-4850-808D-1352BCFEFF44}
		{16D1341E-54FF-40D3-A04C-A2535478CDE8} = {AAFDF808-FC13-4850-808D-1352BCFEFF44}
		{C7AA9911-89A7-4162-AD15-7EDC8CFAFD43} = {4182E1DD-9496-487E-9E75-2A952F65DB52}
	EndGlobalSection
	GlobalSection(ExtensibilityGlobals) = postSolution
		SolutionGuid = {E4EE0D1F-66F1-497C-880F-B5AF1031C652}
	EndGlobalSection
EndGlobal
